
Microsoft Visual Studio Solution File, Format Version 12.00
# Visual Studio Version 17
VisualStudioVersion = 17.5.002.0
MinimumVisualStudioVersion = 10.0.40219.1
Project("{2150E333-8FDC-42A3-9474-1A3956D46DE8}") = "build", "build", "{95B37811-67EE-4BA1-9816-AE76E4EEC987}"
EndProject
Project("{2150E333-8FDC-42A3-9474-1A3956D46DE8}") = "windows", "windows", "{E1285CA6-4252-4257-96EE-87C7232B96B5}"
EndProject
Project("{2150E333-8FDC-42A3-9474-1A3956D46DE8}") = "installer", "installer", "{B2807418-33BA-4654-825B-13B9CBDE2B02}"
EndProject
Project("{9A19103F-16F7-4668-BE54-9A1E7A4F7556}") = "CertificateGenerator", "build\windows\installer\certificategenerator\CertificateGenerator.csproj", "{7CE5CE00-A296-4E9B-B77E-C908FAD078F9}"
EndProject
Global
	GlobalSection(SolutionConfigurationPlatforms) = preSolution
		Debug|Any CPU = Debug|Any CPU
		Release|Any CPU = Release|Any CPU
	EndGlobalSection
	GlobalSection(ProjectConfigurationPlatforms) = postSolution
		{7CE5CE00-A296-4E9B-B77E-C908FAD078F9}.Debug|Any CPU.ActiveCfg = Debug|Any CPU
		{7CE5CE00-A296-4E9B-B77E-C908FAD078F9}.Debug|Any CPU.Build.0 = Debug|Any CPU
		{7CE5CE00-A296-4E9B-B77E-C908FAD078F9}.Release|Any CPU.ActiveCfg = Release|Any CPU
		{7CE5CE00-A296-4E9B-B77E-C908FAD078F9}.Release|Any CPU.Build.0 = Release|Any CPU
	EndGlobalSection
	GlobalSection(SolutionProperties) = preSolution
		HideSolutionNode = FALSE
	EndGlobalSection
	GlobalSection(NestedProjects) = preSolution
		{E1285CA6-4252-4257-96EE-87C7232B96B5} = {95B37811-67EE-4BA1-9816-AE76E4EEC987}
		{B2807418-33BA-4654-825B-13B9CBDE2B02} = {E1285CA6-4252-4257-96EE-87C7232B96B5}
		{7CE5CE00-A296-4E9B-B77E-C908FAD078F9} = {B2807418-33BA-4654-825B-13B9CBDE2B02}
	EndGlobalSection
	GlobalSection(ExtensibilityGlobals) = postSolution
		SolutionGuid = {D92A62A2-5FF6-42A9-BAE5-A7E8D0374FF7}
	EndGlobalSection
EndGlobal
