
Microsoft Visual Studio Solution File, Format Version 12.00
# Visual Studio Version 17
VisualStudioVersion = 17.5.002.0
MinimumVisualStudioVersion = 10.0.40219.1
Project("{2150E333-8FDC-42A3-9474-1A3956D46DE8}") = "build", "build", "{61F3CBBE-363C-4FDB-B7B0-AF50F7EEC4CE}"
EndProject
Project("{2150E333-8FDC-42A3-9474-1A3956D46DE8}") = "windows", "windows", "{86BFBA60-EFB1-454F-BF27-39FF393CF7E4}"
EndProject
Project("{2150E333-8FDC-42A3-9474-1A3956D46DE8}") = "installer", "installer", "{2F27C483-8B57-4234-B666-6C6CEFB7FA09}"
EndProject
Project("{9A19103F-16F7-4668-BE54-9A1E7A4F7556}") = "CertificateGenerator", "build\windows\installer\certificategenerator\CertificateGenerator.csproj", "{750987BB-9BD0-4F33-8A6F-7F923EBD79BD}"
EndProject
Global
	GlobalSection(SolutionConfigurationPlatforms) = preSolution
		Debug|Any CPU = Debug|Any CPU
		Release|Any CPU = Release|Any CPU
	EndGlobalSection
	GlobalSection(ProjectConfigurationPlatforms) = postSolution
		{750987BB-9BD0-4F33-8A6F-7F923EBD79BD}.Debug|Any CPU.ActiveCfg = Debug|Any CPU
		{750987BB-9BD0-4F33-8A6F-7F923EBD79BD}.Debug|Any CPU.Build.0 = Debug|Any CPU
		{750987BB-9BD0-4F33-8A6F-7F923EBD79BD}.Release|Any CPU.ActiveCfg = Release|Any CPU
		{750987BB-9BD0-4F33-8A6F-7F923EBD79BD}.Release|Any CPU.Build.0 = Release|Any CPU
	EndGlobalSection
	GlobalSection(SolutionProperties) = preSolution
		HideSolutionNode = FALSE
	EndGlobalSection
	GlobalSection(NestedProjects) = preSolution
		{86BFBA60-EFB1-454F-BF27-39FF393CF7E4} = {61F3CBBE-363C-4FDB-B7B0-AF50F7EEC4CE}
		{2F27C483-8B57-4234-B666-6C6CEFB7FA09} = {86BFBA60-EFB1-454F-BF27-39FF393CF7E4}
		{750987BB-9BD0-4F33-8A6F-7F923EBD79BD} = {2F27C483-8B57-4234-B666-6C6CEFB7FA09}
	EndGlobalSection
	GlobalSection(ExtensibilityGlobals) = postSolution
		SolutionGuid = {FCDDD68F-0225-41C4-8C78-27A9765D43FD}
	EndGlobalSection
EndGlobal
